
Microsoft Visual Studio Solution File, Format Version 12.00
# Visual Studio Version 17
VisualStudioVersion = 17.13.35818.85 d17.13
MinimumVisualStudioVersion = 10.0.40219.1
Project("{8BC9CEB8-8B4A-11D0-8D11-00A0C91BC942}") = "AntSimulation", "AntSimulation\AntSimulation.vcxproj", "{606F85D4-8153-49F9-96A5-51F3ED9F9369}"
EndProject
Global
	GlobalSection(SolutionConfigurationPlatforms) = preSolution
		Debug|x64 = Debug|x64
		Debug|x86 = Debug|x86
		Release|x64 = Release|x64
		Release|x86 = Release|x86
	EndGlobalSection
	GlobalSection(ProjectConfigurationPlatforms) = postSolution
		{606F85D4-8153-49F9-96A5-51F3ED9F9369}.Debug|x64.ActiveCfg = Debug|x64
		{606F85D4-8153-49F9-96A5-51F3ED9F9369}.Debug|x64.Build.0 = Debug|x64
		{606F85D4-8153-49F9-96A5-51F3ED9F9369}.Debug|x86.ActiveCfg = Debug|Win32
		{606F85D4-8153-49F9-96A5-51F3ED9F9369}.Debug|x86.Build.0 = Debug|Win32
		{606F85D4-8153-49F9-96A5-51F3ED9F9369}.Release|x64.ActiveCfg = Release|x64
		{606F85D4-8153-49F9-96A5-51F3ED9F9369}.Release|x64.Build.0 = Release|x64
		{606F85D4-8153-49F9-96A5-51F3ED9F9369}.Release|x86.ActiveCfg = Release|Win32
		{606F85D4-8153-49F9-96A5-51F3ED9F9369}.Release|x86.Build.0 = Release|Win32
	EndGlobalSection
	GlobalSection(SolutionProperties) = preSolution
		HideSolutionNode = FALSE
	EndGlobalSection
	GlobalSection(ExtensibilityGlobals) = postSolution
		SolutionGuid = {8F4C5DFB-0BC5-4ACD-92A7-9DAB9DE9DFCB}
	EndGlobalSection
EndGlobal
